
Microsoft Visual Studio Solution File, Format Version 12.00
# Visual Studio Version 16
VisualStudioVersion = 16.0.31105.61
MinimumVisualStudioVersion = 10.0.40219.1
Project("{9A19103F-16F7-4668-BE54-9A1E7A4F7556}") = "CacheInterceptor", "CacheInterceptor\CacheInterceptor.csproj", "{9FE970D4-664F-454A-B411-20BE8D2BA16B}"
EndProject
Project("{9A19103F-16F7-4668-BE54-9A1E7A4F7556}") = "Examples", "Examples\Examples.csproj", "{3AE87F6C-8DCF-43FA-9587-644E87D73174}"
EndProject
Global
	GlobalSection(SolutionConfigurationPlatforms) = preSolution
		Debug|Any CPU = Debug|Any CPU
		Release|Any CPU = Release|Any CPU
	EndGlobalSection
	GlobalSection(ProjectConfigurationPlatforms) = postSolution
		{9FE970D4-664F-454A-B411-20BE8D2BA16B}.Debug|Any CPU.ActiveCfg = Debug|Any CPU
		{9FE970D4-664F-454A-B411-20BE8D2BA16B}.Debug|Any CPU.Build.0 = Debug|Any CPU
		{9FE970D4-664F-454A-B411-20BE8D2BA16B}.Release|Any CPU.ActiveCfg = Release|Any CPU
		{9FE970D4-664F-454A-B411-20BE8D2BA16B}.Release|Any CPU.Build.0 = Release|Any CPU
		{3AE87F6C-8DCF-43FA-9587-644E87D73174}.Debug|Any CPU.ActiveCfg = Debug|Any CPU
		{3AE87F6C-8DCF-43FA-9587-644E87D73174}.Debug|Any CPU.Build.0 = Debug|Any CPU
		{3AE87F6C-8DCF-43FA-9587-644E87D73174}.Release|Any CPU.ActiveCfg = Release|Any CPU
		{3AE87F6C-8DCF-43FA-9587-644E87D73174}.Release|Any CPU.Build.0 = Release|Any CPU
	EndGlobalSection
	GlobalSection(SolutionProperties) = preSolution
		HideSolutionNode = FALSE
	EndGlobalSection
	GlobalSection(ExtensibilityGlobals) = postSolution
		SolutionGuid = {A6B538BF-DF5A-4FC4-B081-09F4E9CBC255}
	EndGlobalSection
EndGlobal
